
Microsoft Visual Studio Solution File, Format Version 12.00
Project("{FAE04EC0-301F-11D3-BF4B-00C04F79EFBC}") = "expenditure_tracker", "expenditure_tracker\expenditure_tracker.csproj", "{9BCE1992-835A-42FF-8BC3-788041F3E243}"
EndProject
Global
	GlobalSection(SolutionConfigurationPlatforms) = preSolution
		Debug|Any CPU = Debug|Any CPU
		Release|Any CPU = Release|Any CPU
	EndGlobalSection
	GlobalSection(ProjectConfigurationPlatforms) = postSolution
		{9BCE1992-835A-42FF-8BC3-788041F3E243}.Debug|Any CPU.ActiveCfg = Debug|Any CPU
		{9BCE1992-835A-42FF-8BC3-788041F3E243}.Debug|Any CPU.Build.0 = Debug|Any CPU
		{9BCE1992-835A-42FF-8BC3-788041F3E243}.Release|Any CPU.ActiveCfg = Release|Any CPU
		{9BCE1992-835A-42FF-8BC3-788041F3E243}.Release|Any CPU.Build.0 = Release|Any CPU
	EndGlobalSection
EndGlobal
